
Microsoft Visual Studio Solution File, Format Version 12.00
# Visual Studio 14
VisualStudioVersion = 14.0.25420.1
MinimumVisualStudioVersion = 10.0.40219.1
Project("{FAE04EC0-301F-11D3-BF4B-00C04F79EFBC}") = "Divisas2.Android", "Divisas2\Divisas2.Android\Divisas2.Android.csproj", "{1A61F512-78D9-435E-AAC1-91648FE98052}"
EndProject
Project("{FAE04EC0-301F-11D3-BF4B-00C04F79EFBC}") = "Divisas2", "Divisas2\Divisas2\Divisas2.csproj", "{F9471BB5-023D-4AEC-BB6A-F25D82E9E2A9}"
EndProject
Project("{FAE04EC0-301F-11D3-BF4B-00C04F79EFBC}") = "Divisas2.iOS", "Divisas2\Divisas2.iOS\Divisas2.iOS.csproj", "{A29B075C-099C-473D-948F-C8D2CA9FCC0D}"
EndProject
Global
	GlobalSection(SolutionConfigurationPlatforms) = preSolution
		Ad-Hoc|Any CPU = Ad-Hoc|Any CPU
		Ad-Hoc|ARM = Ad-Hoc|ARM
		Ad-Hoc|iPhone = Ad-Hoc|iPhone
		Ad-Hoc|iPhoneSimulator = Ad-Hoc|iPhoneSimulator
		Ad-Hoc|x64 = Ad-Hoc|x64
		Ad-Hoc|x86 = Ad-Hoc|x86
		AppStore|Any CPU = AppStore|Any CPU
		AppStore|ARM = AppStore|ARM
		AppStore|iPhone = AppStore|iPhone
		AppStore|iPhoneSimulator = AppStore|iPhoneSimulator
		AppStore|x64 = AppStore|x64
		AppStore|x86 = AppStore|x86
		Debug|Any CPU = Debug|Any CPU
		Debug|ARM = Debug|ARM
		Debug|iPhone = Debug|iPhone
		Debug|iPhoneSimulator = Debug|iPhoneSimulator
		Debug|x64 = Debug|x64
		Debug|x86 = Debug|x86
		Release|Any CPU = Release|Any CPU
		Release|ARM = Release|ARM
		Release|iPhone = Release|iPhone
		Release|iPhoneSimulator = Release|iPhoneSimulator
		Release|x64 = Release|x64
		Release|x86 = Release|x86
	EndGlobalSection
	GlobalSection(ProjectConfigurationPlatforms) = postSolution
		{1A61F512-78D9-435E-AAC1-91648FE98052}.Ad-Hoc|Any CPU.ActiveCfg = Release|Any CPU
		{1A61F512-78D9-435E-AAC1-91648FE98052}.Ad-Hoc|Any CPU.Build.0 = Release|Any CPU
		{1A61F512-78D9-435E-AAC1-91648FE98052}.Ad-Hoc|Any CPU.Deploy.0 = Release|Any CPU
		{1A61F512-78D9-435E-AAC1-91648FE98052}.Ad-Hoc|ARM.ActiveCfg = Release|Any CPU
		{1A61F512-78D9-435E-AAC1-91648FE98052}.Ad-Hoc|ARM.Build.0 = Release|Any CPU
		{1A61F512-78D9-435E-AAC1-91648FE98052}.Ad-Hoc|ARM.Deploy.0 = Release|Any CPU
		{1A61F512-78D9-435E-AAC1-91648FE98052}.Ad-Hoc|iPhone.ActiveCfg = Release|Any CPU
		{1A61F512-78D9-435E-AAC1-91648FE98052}.Ad-Hoc|iPhone.Build.0 = Release|Any CPU
		{1A61F512-78D9-435E-AAC1-91648FE98052}.Ad-Hoc|iPhone.Deploy.0 = Release|Any CPU
		{1A61F512-78D9-435E-AAC1-91648FE98052}.Ad-Hoc|iPhoneSimulator.ActiveCfg = Release|Any CPU
		{1A61F512-78D9-435E-AAC1-91648FE98052}.Ad-Hoc|iPhoneSimulator.Build.0 = Release|Any CPU
		{1A61F512-78D9-435E-AAC1-91648FE98052}.Ad-Hoc|iPhoneSimulator.Deploy.0 = Release|Any CPU
		{1A61F512-78D9-435E-AAC1-91648FE98052}.Ad-Hoc|x64.ActiveCfg = Release|Any CPU
		{1A61F512-78D9-435E-AAC1-91648FE98052}.Ad-Hoc|x64.Build.0 = Release|Any CPU
		{1A61F512-78D9-435E-AAC1-91648FE98052}.Ad-Hoc|x64.Deploy.0 = Release|Any CPU
		{1A61F512-78D9-435E-AAC1-91648FE98052}.Ad-Hoc|x86.ActiveCfg = Release|Any CPU
		{1A61F512-78D9-435E-AAC1-91648FE98052}.Ad-Hoc|x86.Build.0 = Release|Any CPU
		{1A61F512-78D9-435E-AAC1-91648FE98052}.Ad-Hoc|x86.Deploy.0 = Release|Any CPU
		{1A61F512-78D9-435E-AAC1-91648FE98052}.AppStore|Any CPU.ActiveCfg = Release|Any CPU
		{1A61F512-78D9-435E-AAC1-91648FE98052}.AppStore|Any CPU.Build.0 = Release|Any CPU
		{1A61F512-78D9-435E-AAC1-91648FE98052}.AppStore|Any CPU.Deploy.0 = Release|Any CPU
		{1A61F512-78D9-435E-AAC1-91648FE98052}.AppStore|ARM.ActiveCfg = Release|Any CPU
		{1A61F512-78D9-435E-AAC1-91648FE98052}.AppStore|ARM.Build.0 = Release|Any CPU
		{1A61F512-78D9-435E-AAC1-91648FE98052}.AppStore|ARM.Deploy.0 = Release|Any CPU
		{1A61F512-78D9-435E-AAC1-91648FE98052}.AppStore|iPhone.ActiveCfg = Release|Any CPU
		{1A61F512-78D9-435E-AAC1-91648FE98052}.AppStore|iPhone.Build.0 = Release|Any CPU
		{1A61F512-78D9-435E-AAC1-91648FE98052}.AppStore|iPhone.Deploy.0 = Release|Any CPU
		{1A61F512-78D9-435E-AAC1-91648FE98052}.AppStore|iPhoneSimulator.ActiveCfg = Release|Any CPU
		{1A61F512-78D9-435E-AAC1-91648FE98052}.AppStore|iPhoneSimulator.Build.0 = Release|Any CPU
		{1A61F512-78D9-435E-AAC1-91648FE98052}.AppStore|iPhoneSimulator.Deploy.0 = Release|Any CPU
		{1A61F512-78D9-435E-AAC1-91648FE98052}.AppStore|x64.ActiveCfg = Release|Any CPU
		{1A61F512-78D9-435E-AAC1-91648FE98052}.AppStore|x64.Build.0 = Release|Any CPU
		{1A61F512-78D9-435E-AAC1-91648FE98052}.AppStore|x64.Deploy.0 = Release|Any CPU
		{1A61F512-78D9-435E-AAC1-91648FE98052}.AppStore|x86.ActiveCfg = Release|Any CPU
		{1A61F512-78D9-435E-AAC1-91648FE98052}.AppStore|x86.Build.0 = Release|Any CPU
		{1A61F512-78D9-435E-AAC1-91648FE98052}.AppStore|x86.Deploy.0 = Release|Any CPU
		{1A61F512-78D9-435E-AAC1-91648FE98052}.Debug|Any CPU.ActiveCfg = Debug|Any CPU
		{1A61F512-78D9-435E-AAC1-91648FE98052}.Debug|Any CPU.Build.0 = Debug|Any CPU
		{1A61F512-78D9-435E-AAC1-91648FE98052}.Debug|Any CPU.Deploy.0 = Debug|Any CPU
		{1A61F512-78D9-435E-AAC1-91648FE98052}.Debug|ARM.ActiveCfg = Debug|Any CPU
		{1A61F512-78D9-435E-AAC1-91648FE98052}.Debug|ARM.Build.0 = Debug|Any CPU
		{1A61F512-78D9-435E-AAC1-91648FE98052}.Debug|ARM.Deploy.0 = Debug|Any CPU
		{1A61F512-78D9-435E-AAC1-91648FE98052}.Debug|iPhone.ActiveCfg = Debug|Any CPU
		{1A61F512-78D9-435E-AAC1-91648FE98052}.Debug|iPhone.Build.0 = Debug|Any CPU
		{1A61F512-78D9-435E-AAC1-91648FE98052}.Debug|iPhone.Deploy.0 = Debug|Any CPU
		{1A61F512-78D9-435E-AAC1-91648FE98052}.Debug|iPhoneSimulator.ActiveCfg = Debug|Any CPU
		{1A61F512-78D9-435E-AAC1-91648FE98052}.Debug|iPhoneSimulator.Build.0 = Debug|Any CPU
		{1A61F512-78D9-435E-AAC1-91648FE98052}.Debug|iPhoneSimulator.Deploy.0 = Debug|Any CPU
		{1A61F512-78D9-435E-AAC1-91648FE98052}.Debug|x64.ActiveCfg = Debug|Any CPU
		{1A61F512-78D9-435E-AAC1-91648FE98052}.Debug|x64.Build.0 = Debug|Any CPU
		{1A61F512-78D9-435E-AAC1-91648FE98052}.Debug|x64.Deploy.0 = Debug|Any CPU
		{1A61F512-78D9-435E-AAC1-91648FE98052}.Debug|x86.ActiveCfg = Debug|Any CPU
		{1A61F512-78D9-435E-AAC1-91648FE98052}.Debug|x86.Build.0 = Debug|Any CPU
		{1A61F512-78D9-435E-AAC1-91648FE98052}.Debug|x86.Deploy.0 = Debug|Any CPU
		{1A61F512-78D9-435E-AAC1-91648FE98052}.Release|Any CPU.ActiveCfg = Release|Any CPU
		{1A61F512-78D9-435E-AAC1-91648FE98052}.Release|Any CPU.Build.0 = Release|Any CPU
		{1A61F512-78D9-435E-AAC1-91648FE98052}.Release|Any CPU.Deploy.0 = Release|Any CPU
		{1A61F512-78D9-435E-AAC1-91648FE98052}.Release|ARM.ActiveCfg = Release|Any CPU
		{1A61F512-78D9-435E-AAC1-91648FE98052}.Release|ARM.Build.0 = Release|Any CPU
		{1A61F512-78D9-435E-AAC1-91648FE98052}.Release|ARM.Deploy.0 = Release|Any CPU
		{1A61F512-78D9-435E-AAC1-91648FE98052}.Release|iPhone.ActiveCfg = Release|Any CPU
		{1A61F512-78D9-435E-AAC1-91648FE98052}.Release|iPhone.Build.0 = Release|Any CPU
		{1A61F512-78D9-435E-AAC1-91648FE98052}.Release|iPhone.Deploy.0 = Release|Any CPU
		{1A61F512-78D9-435E-AAC1-91648FE98052}.Release|iPhoneSimulator.ActiveCfg = Release|Any CPU
		{1A61F512-78D9-435E-AAC1-91648FE98052}.Release|iPhoneSimulator.Build.0 = Release|Any CPU
		{1A61F512-78D9-435E-AAC1-91648FE98052}.Release|iPhoneSimulator.Deploy.0 = Release|Any CPU
		{1A61F512-78D9-435E-AAC1-91648FE98052}.Release|x64.ActiveCfg = Release|Any CPU
		{1A61F512-78D9-435E-AAC1-91648FE98052}.Release|x64.Build.0 = Release|Any CPU
		{1A61F512-78D9-435E-AAC1-91648FE98052}.Release|x64.Deploy.0 = Release|Any CPU
		{1A61F512-78D9-435E-AAC1-91648FE98052}.Release|x86.ActiveCfg = Release|Any CPU
		{1A61F512-78D9-435E-AAC1-91648FE98052}.Release|x86.Build.0 = Release|Any CPU
		{1A61F512-78D9-435E-AAC1-91648FE98052}.Release|x86.Deploy.0 = Release|Any CPU
		{F9471BB5-023D-4AEC-BB6A-F25D82E9E2A9}.Ad-Hoc|Any CPU.ActiveCfg = Release|Any CPU
		{F9471BB5-023D-4AEC-BB6A-F25D82E9E2A9}.Ad-Hoc|Any CPU.Build.0 = Release|Any CPU
		{F9471BB5-023D-4AEC-BB6A-F25D82E9E2A9}.Ad-Hoc|ARM.ActiveCfg = Release|Any CPU
		{F9471BB5-023D-4AEC-BB6A-F25D82E9E2A9}.Ad-Hoc|ARM.Build.0 = Release|Any CPU
		{F9471BB5-023D-4AEC-BB6A-F25D82E9E2A9}.Ad-Hoc|iPhone.ActiveCfg = Release|Any CPU
		{F9471BB5-023D-4AEC-BB6A-F25D82E9E2A9}.Ad-Hoc|iPhone.Build.0 = Release|Any CPU
		{F9471BB5-023D-4AEC-BB6A-F25D82E9E2A9}.Ad-Hoc|iPhoneSimulator.ActiveCfg = Release|Any CPU
		{F9471BB5-023D-4AEC-BB6A-F25D82E9E2A9}.Ad-Hoc|iPhoneSimulator.Build.0 = Release|Any CPU
		{F9471BB5-023D-4AEC-BB6A-F25D82E9E2A9}.Ad-Hoc|x64.ActiveCfg = Release|Any CPU
		{F9471BB5-023D-4AEC-BB6A-F25D82E9E2A9}.Ad-Hoc|x64.Build.0 = Release|Any CPU
		{F9471BB5-023D-4AEC-BB6A-F25D82E9E2A9}.Ad-Hoc|x86.ActiveCfg = Release|Any CPU
		{F9471BB5-023D-4AEC-BB6A-F25D82E9E2A9}.Ad-Hoc|x86.Build.0 = Release|Any CPU
		{F9471BB5-023D-4AEC-BB6A-F25D82E9E2A9}.AppStore|Any CPU.ActiveCfg = Release|Any CPU
		{F9471BB5-023D-4AEC-BB6A-F25D82E9E2A9}.AppStore|Any CPU.Build.0 = Release|Any CPU
		{F9471BB5-023D-4AEC-BB6A-F25D82E9E2A9}.AppStore|ARM.ActiveCfg = Release|Any CPU
		{F9471BB5-023D-4AEC-BB6A-F25D82E9E2A9}.AppStore|ARM.Build.0 = Release|Any CPU
		{F9471BB5-023D-4AEC-BB6A-F25D82E9E2A9}.AppStore|iPhone.ActiveCfg = Release|Any CPU
		{F9471BB5-023D-4AEC-BB6A-F25D82E9E2A9}.AppStore|iPhone.Build.0 = Release|Any CPU
		{F9471BB5-023D-4AEC-BB6A-F25D82E9E2A9}.AppStore|iPhoneSimulator.ActiveCfg = Release|Any CPU
		{F9471BB5-023D-4AEC-BB6A-F25D82E9E2A9}.AppStore|iPhoneSimulator.Build.0 = Release|Any CPU
		{F9471BB5-023D-4AEC-BB6A-F25D82E9E2A9}.AppStore|x64.ActiveCfg = Release|Any CPU
		{F9471BB5-023D-4AEC-BB6A-F25D82E9E2A9}.AppStore|x64.Build.0 = Release|Any CPU
		{F9471BB5-023D-4AEC-BB6A-F25D82E9E2A9}.AppStore|x86.ActiveCfg = Release|Any CPU
		{F9471BB5-023D-4AEC-BB6A-F25D82E9E2A9}.AppStore|x86.Build.0 = Release|Any CPU
		{F9471BB5-023D-4AEC-BB6A-F25D82E9E2A9}.Debug|Any CPU.ActiveCfg = Debug|Any CPU
		{F9471BB5-023D-4AEC-BB6A-F25D82E9E2A9}.Debug|Any CPU.Build.0 = Debug|Any CPU
		{F9471BB5-023D-4AEC-BB6A-F25D82E9E2A9}.Debug|ARM.ActiveCfg = Debug|Any CPU
		{F9471BB5-023D-4AEC-BB6A-F25D82E9E2A9}.Debug|ARM.Build.0 = Debug|Any CPU
		{F9471BB5-023D-4AEC-BB6A-F25D82E9E2A9}.Debug|iPhone.ActiveCfg = Debug|Any CPU
		{F9471BB5-023D-4AEC-BB6A-F25D82E9E2A9}.Debug|iPhone.Build.0 = Debug|Any CPU
		{F9471BB5-023D-4AEC-BB6A-F25D82E9E2A9}.Debug|iPhoneSimulator.ActiveCfg = Debug|Any CPU
		{F9471BB5-023D-4AEC-BB6A-F25D82E9E2A9}.Debug|iPhoneSimulator.Build.0 = Debug|Any CPU
		{F9471BB5-023D-4AEC-BB6A-F25D82E9E2A9}.Debug|x64.ActiveCfg = Debug|Any CPU
		{F9471BB5-023D-4AEC-BB6A-F25D82E9E2A9}.Debug|x64.Build.0 = Debug|Any CPU
		{F9471BB5-023D-4AEC-BB6A-F25D82E9E2A9}.Debug|x86.ActiveCfg = Debug|Any CPU
		{F9471BB5-023D-4AEC-BB6A-F25D82E9E2A9}.Debug|x86.Build.0 = Debug|Any CPU
		{F9471BB5-023D-4AEC-BB6A-F25D82E9E2A9}.Release|Any CPU.ActiveCfg = Release|Any CPU
		{F9471BB5-023D-4AEC-BB6A-F25D82E9E2A9}.Release|Any CPU.Build.0 = Release|Any CPU
		{F9471BB5-023D-4AEC-BB6A-F25D82E9E2A9}.Release|ARM.ActiveCfg = Release|Any CPU
		{F9471BB5-023D-4AEC-BB6A-F25D82E9E2A9}.Release|ARM.Build.0 = Release|Any CPU
		{F9471BB5-023D-4AEC-BB6A-F25D82E9E2A9}.Release|iPhone.ActiveCfg = Release|Any CPU
		{F9471BB5-023D-4AEC-BB6A-F25D82E9E2A9}.Release|iPhone.Build.0 = Release|Any CPU
		{F9471BB5-023D-4AEC-BB6A-F25D82E9E2A9}.Release|iPhoneSimulator.ActiveCfg = Release|Any CPU
		{F9471BB5-023D-4AEC-BB6A-F25D82E9E2A9}.Release|iPhoneSimulator.Build.0 = Release|Any CPU
		{F9471BB5-023D-4AEC-BB6A-F25D82E9E2A9}.Release|x64.ActiveCfg = Release|Any CPU
		{F9471BB5-023D-4AEC-BB6A-F25D82E9E2A9}.Release|x64.Build.0 = Release|Any CPU
		{F9471BB5-023D-4AEC-BB6A-F25D82E9E2A9}.Release|x86.ActiveCfg = Release|Any CPU
		{F9471BB5-023D-4AEC-BB6A-F25D82E9E2A9}.Release|x86.Build.0 = Release|Any CPU
		{A29B075C-099C-473D-948F-C8D2CA9FCC0D}.Ad-Hoc|Any CPU.ActiveCfg = Ad-Hoc|iPhone
		{A29B075C-099C-473D-948F-C8D2CA9FCC0D}.Ad-Hoc|ARM.ActiveCfg = Ad-Hoc|iPhone
		{A29B075C-099C-473D-948F-C8D2CA9FCC0D}.Ad-Hoc|iPhone.ActiveCfg = Ad-Hoc|iPhone
		{A29B075C-099C-473D-948F-C8D2CA9FCC0D}.Ad-Hoc|iPhone.Build.0 = Ad-Hoc|iPhone
		{A29B075C-099C-473D-948F-C8D2CA9FCC0D}.Ad-Hoc|iPhoneSimulator.ActiveCfg = Ad-Hoc|iPhoneSimulator
		{A29B075C-099C-473D-948F-C8D2CA9FCC0D}.Ad-Hoc|iPhoneSimulator.Build.0 = Ad-Hoc|iPhoneSimulator
		{A29B075C-099C-473D-948F-C8D2CA9FCC0D}.Ad-Hoc|x64.ActiveCfg = Ad-Hoc|iPhone
		{A29B075C-099C-473D-948F-C8D2CA9FCC0D}.Ad-Hoc|x86.ActiveCfg = Ad-Hoc|iPhone
		{A29B075C-099C-473D-948F-C8D2CA9FCC0D}.AppStore|Any CPU.ActiveCfg = AppStore|iPhone
		{A29B075C-099C-473D-948F-C8D2CA9FCC0D}.AppStore|ARM.ActiveCfg = AppStore|iPhone
		{A29B075C-099C-473D-948F-C8D2CA9FCC0D}.AppStore|iPhone.ActiveCfg = AppStore|iPhone
		{A29B075C-099C-473D-948F-C8D2CA9FCC0D}.AppStore|iPhone.Build.0 = AppStore|iPhone
		{A29B075C-099C-473D-948F-C8D2CA9FCC0D}.AppStore|iPhoneSimulator.ActiveCfg = AppStore|iPhoneSimulator
		{A29B075C-099C-473D-948F-C8D2CA9FCC0D}.AppStore|iPhoneSimulator.Build.0 = AppStore|iPhoneSimulator
		{A29B075C-099C-473D-948F-C8D2CA9FCC0D}.AppStore|x64.ActiveCfg = AppStore|iPhone
		{A29B075C-099C-473D-948F-C8D2CA9FCC0D}.AppStore|x86.ActiveCfg = AppStore|iPhone
		{A29B075C-099C-473D-948F-C8D2CA9FCC0D}.Debug|Any CPU.ActiveCfg = Debug|iPhone
		{A29B075C-099C-473D-948F-C8D2CA9FCC0D}.Debug|ARM.ActiveCfg = Debug|iPhone
		{A29B075C-099C-473D-948F-C8D2CA9FCC0D}.Debug|iPhone.ActiveCfg = Debug|iPhone
		{A29B075C-099C-473D-948F-C8D2CA9FCC0D}.Debug|iPhone.Build.0 = Debug|iPhone
		{A29B075C-099C-473D-948F-C8D2CA9FCC0D}.Debug|iPhoneSimulator.ActiveCfg = Debug|iPhoneSimulator
		{A29B075C-099C-473D-948F-C8D2CA9FCC0D}.Debug|iPhoneSimulator.Build.0 = Debug|iPhoneSimulator
		{A29B075C-099C-473D-948F-C8D2CA9FCC0D}.Debug|x64.ActiveCfg = Debug|iPhone
		{A29B075C-099C-473D-948F-C8D2CA9FCC0D}.Debug|x86.ActiveCfg = Debug|iPhone
		{A29B075C-099C-473D-948F-C8D2CA9FCC0D}.Release|Any CPU.ActiveCfg = Release|iPhone
		{A29B075C-099C-473D-948F-C8D2CA9FCC0D}.Release|ARM.ActiveCfg = Release|iPhone
		{A29B075C-099C-473D-948F-C8D2CA9FCC0D}.Release|iPhone.ActiveCfg = Release|iPhone
		{A29B075C-099C-473D-948F-C8D2CA9FCC0D}.Release|iPhone.Build.0 = Release|iPhone
		{A29B075C-099C-473D-948F-C8D2CA9FCC0D}.Release|iPhoneSimulator.ActiveCfg = Release|iPhoneSimulator
		{A29B075C-099C-473D-948F-C8D2CA9FCC0D}.Release|iPhoneSimulator.Build.0 = Release|iPhoneSimulator
		{A29B075C-099C-473D-948F-C8D2CA9FCC0D}.Release|x64.ActiveCfg = Release|iPhone
		{A29B075C-099C-473D-948F-C8D2CA9FCC0D}.Release|x86.ActiveCfg = Release|iPhone
	EndGlobalSection
	GlobalSection(SolutionProperties) = preSolution
		HideSolutionNode = FALSE
	EndGlobalSection
EndGlobal
